
Microsoft Visual Studio Solution File, Format Version 12.00
# Visual Studio Version 17
VisualStudioVersion = 17.11.35327.3
MinimumVisualStudioVersion = 10.0.40219.1
Project("{FAE04EC0-301F-11D3-BF4B-00C04F79EFBC}") = "ControlExcepciones", "ControlExcepciones\ControlExcepciones.csproj", "{98AB983F-8C6D-4FED-B4D8-DF69E32A939B}"
EndProject
Global
	GlobalSection(SolutionConfigurationPlatforms) = preSolution
		Debug|Any CPU = Debug|Any CPU
		Release|Any CPU = Release|Any CPU
	EndGlobalSection
	GlobalSection(ProjectConfigurationPlatforms) = postSolution
		{98AB983F-8C6D-4FED-B4D8-DF69E32A939B}.Debug|Any CPU.ActiveCfg = Debug|Any CPU
		{98AB983F-8C6D-4FED-B4D8-DF69E32A939B}.Debug|Any CPU.Build.0 = Debug|Any CPU
		{98AB983F-8C6D-4FED-B4D8-DF69E32A939B}.Release|Any CPU.ActiveCfg = Release|Any CPU
		{98AB983F-8C6D-4FED-B4D8-DF69E32A939B}.Release|Any CPU.Build.0 = Release|Any CPU
	EndGlobalSection
	GlobalSection(SolutionProperties) = preSolution
		HideSolutionNode = FALSE
	EndGlobalSection
	GlobalSection(ExtensibilityGlobals) = postSolution
		SolutionGuid = {F3693D3B-DBA7-4702-8707-12FA7F8D4547}
	EndGlobalSection
EndGlobal
