
Microsoft Visual Studio Solution File, Format Version 12.00
# Visual Studio Version 17
VisualStudioVersion = 17.11.35327.3
MinimumVisualStudioVersion = 10.0.40219.1
Project("{FAE04EC0-301F-11D3-BF4B-00C04F79EFBC}") = "InterfazPropiedades", "InterfazPropiedades\InterfazPropiedades.csproj", "{816BE035-76D5-41FC-BA67-20C7B874CFE2}"
EndProject
Global
	GlobalSection(SolutionConfigurationPlatforms) = preSolution
		Debug|Any CPU = Debug|Any CPU
		Release|Any CPU = Release|Any CPU
	EndGlobalSection
	GlobalSection(ProjectConfigurationPlatforms) = postSolution
		{816BE035-76D5-41FC-BA67-20C7B874CFE2}.Debug|Any CPU.ActiveCfg = Debug|Any CPU
		{816BE035-76D5-41FC-BA67-20C7B874CFE2}.Debug|Any CPU.Build.0 = Debug|Any CPU
		{816BE035-76D5-41FC-BA67-20C7B874CFE2}.Release|Any CPU.ActiveCfg = Release|Any CPU
		{816BE035-76D5-41FC-BA67-20C7B874CFE2}.Release|Any CPU.Build.0 = Release|Any CPU
	EndGlobalSection
	GlobalSection(SolutionProperties) = preSolution
		HideSolutionNode = FALSE
	EndGlobalSection
	GlobalSection(ExtensibilityGlobals) = postSolution
		SolutionGuid = {C3EA428A-8BFA-4B19-80D1-2690637053BC}
	EndGlobalSection
EndGlobal
