
Microsoft Visual Studio Solution File, Format Version 12.00
# Visual Studio Version 17
VisualStudioVersion = 17.11.35327.3
MinimumVisualStudioVersion = 10.0.40219.1
Project("{FAE04EC0-301F-11D3-BF4B-00C04F79EFBC}") = "Herencia", "Herencia\Herencia.csproj", "{EC00716C-08EE-4C1D-AA0D-4BCAC6C1DC8D}"
EndProject
Global
	GlobalSection(SolutionConfigurationPlatforms) = preSolution
		Debug|Any CPU = Debug|Any CPU
		Release|Any CPU = Release|Any CPU
	EndGlobalSection
	GlobalSection(ProjectConfigurationPlatforms) = postSolution
		{EC00716C-08EE-4C1D-AA0D-4BCAC6C1DC8D}.Debug|Any CPU.ActiveCfg = Debug|Any CPU
		{EC00716C-08EE-4C1D-AA0D-4BCAC6C1DC8D}.Debug|Any CPU.Build.0 = Debug|Any CPU
		{EC00716C-08EE-4C1D-AA0D-4BCAC6C1DC8D}.Release|Any CPU.ActiveCfg = Release|Any CPU
		{EC00716C-08EE-4C1D-AA0D-4BCAC6C1DC8D}.Release|Any CPU.Build.0 = Release|Any CPU
	EndGlobalSection
	GlobalSection(SolutionProperties) = preSolution
		HideSolutionNode = FALSE
	EndGlobalSection
	GlobalSection(ExtensibilityGlobals) = postSolution
		SolutionGuid = {E1BC5354-0594-4529-B989-906F551156A3}
	EndGlobalSection
EndGlobal
