
Microsoft Visual Studio Solution File, Format Version 12.00
# Visual Studio Version 17
VisualStudioVersion = 17.11.35327.3
MinimumVisualStudioVersion = 10.0.40219.1
Project("{FAE04EC0-301F-11D3-BF4B-00C04F79EFBC}") = "ControlExcepcionesMultiples", "ControlExcepcionesMultiples\ControlExcepcionesMultiples.csproj", "{7DBCBDF5-7465-4775-AB6D-39E3ACD201A0}"
EndProject
Global
	GlobalSection(SolutionConfigurationPlatforms) = preSolution
		Debug|Any CPU = Debug|Any CPU
		Release|Any CPU = Release|Any CPU
	EndGlobalSection
	GlobalSection(ProjectConfigurationPlatforms) = postSolution
		{7DBCBDF5-7465-4775-AB6D-39E3ACD201A0}.Debug|Any CPU.ActiveCfg = Debug|Any CPU
		{7DBCBDF5-7465-4775-AB6D-39E3ACD201A0}.Debug|Any CPU.Build.0 = Debug|Any CPU
		{7DBCBDF5-7465-4775-AB6D-39E3ACD201A0}.Release|Any CPU.ActiveCfg = Release|Any CPU
		{7DBCBDF5-7465-4775-AB6D-39E3ACD201A0}.Release|Any CPU.Build.0 = Release|Any CPU
	EndGlobalSection
	GlobalSection(SolutionProperties) = preSolution
		HideSolutionNode = FALSE
	EndGlobalSection
	GlobalSection(ExtensibilityGlobals) = postSolution
		SolutionGuid = {652E299D-89C6-49C6-917F-770A1FE1ABC9}
	EndGlobalSection
EndGlobal
