
Microsoft Visual Studio Solution File, Format Version 12.00
# Visual Studio Version 17
VisualStudioVersion = 17.11.35327.3
MinimumVisualStudioVersion = 10.0.40219.1
Project("{FAE04EC0-301F-11D3-BF4B-00C04F79EFBC}") = "AreaCirculo", "AreaCirculo\AreaCirculo.csproj", "{1CE10327-439E-486C-A2B3-6A1DB76C3C3A}"
EndProject
Global
	GlobalSection(SolutionConfigurationPlatforms) = preSolution
		Debug|Any CPU = Debug|Any CPU
		Release|Any CPU = Release|Any CPU
	EndGlobalSection
	GlobalSection(ProjectConfigurationPlatforms) = postSolution
		{1CE10327-439E-486C-A2B3-6A1DB76C3C3A}.Debug|Any CPU.ActiveCfg = Debug|Any CPU
		{1CE10327-439E-486C-A2B3-6A1DB76C3C3A}.Debug|Any CPU.Build.0 = Debug|Any CPU
		{1CE10327-439E-486C-A2B3-6A1DB76C3C3A}.Release|Any CPU.ActiveCfg = Release|Any CPU
		{1CE10327-439E-486C-A2B3-6A1DB76C3C3A}.Release|Any CPU.Build.0 = Release|Any CPU
	EndGlobalSection
	GlobalSection(SolutionProperties) = preSolution
		HideSolutionNode = FALSE
	EndGlobalSection
	GlobalSection(ExtensibilityGlobals) = postSolution
		SolutionGuid = {DFBD3EA8-31FF-49C7-9101-CD5EEF03A054}
	EndGlobalSection
EndGlobal
